
Microsoft Visual Studio Solution File, Format Version 12.00
# Visual Studio Version 16
VisualStudioVersion = 16.0.30621.155
MinimumVisualStudioVersion = 10.0.40219.1
Project("{FAE04EC0-301F-11D3-BF4B-00C04F79EFBC}") = "FlickrImageSearch", "FlickrImageSearch\FlickrImageSearch.csproj", "{DD1EB8B6-0597-43E4-94C3-69B6947E0188}"
EndProject
Global
	GlobalSection(SolutionConfigurationPlatforms) = preSolution
		Debug|Any CPU = Debug|Any CPU
		Release|Any CPU = Release|Any CPU
	EndGlobalSection
	GlobalSection(ProjectConfigurationPlatforms) = postSolution
		{DD1EB8B6-0597-43E4-94C3-69B6947E0188}.Debug|Any CPU.ActiveCfg = Debug|Any CPU
		{DD1EB8B6-0597-43E4-94C3-69B6947E0188}.Debug|Any CPU.Build.0 = Debug|Any CPU
		{DD1EB8B6-0597-43E4-94C3-69B6947E0188}.Release|Any CPU.ActiveCfg = Release|Any CPU
		{DD1EB8B6-0597-43E4-94C3-69B6947E0188}.Release|Any CPU.Build.0 = Release|Any CPU
	EndGlobalSection
	GlobalSection(SolutionProperties) = preSolution
		HideSolutionNode = FALSE
	EndGlobalSection
	GlobalSection(ExtensibilityGlobals) = postSolution
		SolutionGuid = {27D51C47-8180-4D3B-8914-56F67BB8F047}
	EndGlobalSection
EndGlobal
